
Microsoft Visual Studio Solution File, Format Version 12.00
# Visual Studio Version 17
VisualStudioVersion = 17.8.34322.80
MinimumVisualStudioVersion = 10.0.40219.1
Project("{FAE04EC0-301F-11D3-BF4B-00C04F79EFBC}") = "2", "2\2.csproj", "{72A78CB3-F7A4-4395-B9CA-A9A8970CEF6D}"
EndProject
Global
	GlobalSection(SolutionConfigurationPlatforms) = preSolution
		Debug|Any CPU = Debug|Any CPU
		Release|Any CPU = Release|Any CPU
	EndGlobalSection
	GlobalSection(ProjectConfigurationPlatforms) = postSolution
		{72A78CB3-F7A4-4395-B9CA-A9A8970CEF6D}.Debug|Any CPU.ActiveCfg = Debug|Any CPU
		{72A78CB3-F7A4-4395-B9CA-A9A8970CEF6D}.Debug|Any CPU.Build.0 = Debug|Any CPU
		{72A78CB3-F7A4-4395-B9CA-A9A8970CEF6D}.Release|Any CPU.ActiveCfg = Release|Any CPU
		{72A78CB3-F7A4-4395-B9CA-A9A8970CEF6D}.Release|Any CPU.Build.0 = Release|Any CPU
	EndGlobalSection
	GlobalSection(SolutionProperties) = preSolution
		HideSolutionNode = FALSE
	EndGlobalSection
	GlobalSection(ExtensibilityGlobals) = postSolution
		SolutionGuid = {7045FBE6-783D-4F7E-9167-017704A96D62}
	EndGlobalSection
EndGlobal
